// !$*UTF8*$!
{
	archiveVersion = 1;
	classes = {
	};
	objectVersion = 50;
	objects = {

/* Begin PBXBuildFile section */
		FC2A867A22B1300800120498 /* AppDelegate.swift in Sources */ = {isa = PBXBuildFile; fileRef = FC2A867922B1300800120498 /* AppDelegate.swift */; };
		FC2A867C22B1300800120498 /* SceneDelegate.swift in Sources */ = {isa = PBXBuildFile; fileRef = FC2A867B22B1300800120498 /* SceneDelegate.swift */; };
		FC2A868022B1301700120498 /* Assets.xcassets in Resources */ = {isa = PBXBuildFile; fileRef = FC2A867F22B1301700120498 /* Assets.xcassets */; };
		FC2A868322B1301700120498 /* Preview Assets.xcassets in Resources */ = {isa = PBXBuildFile; fileRef = FC2A868222B1301700120498 /* Preview Assets.xcassets */; };
		FC2A868622B1301700120498 /* LaunchScreen.storyboard in Resources */ = {isa = PBXBuildFile; fileRef = FC2A868422B1301700120498 /* LaunchScreen.storyboard */; };
		FC2A869D22B1310400120498 /* PhotoListRow.swift in Sources */ = {isa = PBXBuildFile; fileRef = FC2A868F22B1310300120498 /* PhotoListRow.swift */; };
		FC2A869F22B1310400120498 /* PhotoViewModel.swift in Sources */ = {isa = PBXBuildFile; fileRef = FC2A869122B1310300120498 /* PhotoViewModel.swift */; };
		FC2A86A122B1310400120498 /* RESTComponent.swift in Sources */ = {isa = PBXBuildFile; fileRef = FC2A869622B1310400120498 /* RESTComponent.swift */; };
		FC2A86A222B1310400120498 /* URLProducer.swift in Sources */ = {isa = PBXBuildFile; fileRef = FC2A869722B1310400120498 /* URLProducer.swift */; };
		FC2A86A322B1310400120498 /* UnsplashPhotosEndPoint.swift in Sources */ = {isa = PBXBuildFile; fileRef = FC2A869822B1310400120498 /* UnsplashPhotosEndPoint.swift */; };
		FC2A86A422B1310400120498 /* NetworkRouter.swift in Sources */ = {isa = PBXBuildFile; fileRef = FC2A869A22B1310400120498 /* NetworkRouter.swift */; };
		FC2A86A522B1310400120498 /* Router.swift in Sources */ = {isa = PBXBuildFile; fileRef = FC2A869B22B1310400120498 /* Router.swift */; };
		FC2A86AA22B1423700120498 /* PhotoImageView.swift in Sources */ = {isa = PBXBuildFile; fileRef = FC2A86A922B1423700120498 /* PhotoImageView.swift */; };
		FC352DF922B18DD100B924CD /* User.swift in Sources */ = {isa = PBXBuildFile; fileRef = FC352DF822B18DD100B924CD /* User.swift */; };
		FC352DFB22B18FD200B924CD /* UserViewModel.swift in Sources */ = {isa = PBXBuildFile; fileRef = FC352DFA22B18FD200B924CD /* UserViewModel.swift */; };
		FC352DFD22B190C300B924CD /* UserListViewModel.swift in Sources */ = {isa = PBXBuildFile; fileRef = FC352DFC22B190C300B924CD /* UserListViewModel.swift */; };
		FC352DFF22B1929D00B924CD /* UsersEndPoint.swift in Sources */ = {isa = PBXBuildFile; fileRef = FC352DFE22B1929D00B924CD /* UsersEndPoint.swift */; };
		FC352E0322B19D2500B924CD /* SearchResponse.swift in Sources */ = {isa = PBXBuildFile; fileRef = FC352E0222B19D2500B924CD /* SearchResponse.swift */; };
		FC352E0522B19D6000B924CD /* HomeView.swift in Sources */ = {isa = PBXBuildFile; fileRef = FC352E0422B19D6000B924CD /* HomeView.swift */; };
		FC352E0922B19F4400B924CD /* PhotoListViewModel.swift in Sources */ = {isa = PBXBuildFile; fileRef = FC352E0822B19F4400B924CD /* PhotoListViewModel.swift */; };
		FC352E0D22B1A1A200B924CD /* Photo.swift in Sources */ = {isa = PBXBuildFile; fileRef = FC352E0C22B1A1A200B924CD /* Photo.swift */; };
		FCE941EF22B1B9090070112B /* UserView.swift in Sources */ = {isa = PBXBuildFile; fileRef = FCE941EE22B1B9090070112B /* UserView.swift */; };
		FCE941F122B1B9C60070112B /* PhotoListView.swift in Sources */ = {isa = PBXBuildFile; fileRef = FCE941F022B1B9C50070112B /* PhotoListView.swift */; };
		FCE941F322B269E30070112B /* ImageLoader.swift in Sources */ = {isa = PBXBuildFile; fileRef = FCE941F222B269E30070112B /* ImageLoader.swift */; };
/* End PBXBuildFile section */

/* Begin PBXFileReference section */
		FC2A867622B1300800120498 /* UnsplashSwiftUI.app */ = {isa = PBXFileReference; explicitFileType = wrapper.application; includeInIndex = 0; path = UnsplashSwiftUI.app; sourceTree = BUILT_PRODUCTS_DIR; };
		FC2A867922B1300800120498 /* AppDelegate.swift */ = {isa = PBXFileReference; lastKnownFileType = sourcecode.swift; path = AppDelegate.swift; sourceTree = "<group>"; };
		FC2A867B22B1300800120498 /* SceneDelegate.swift */ = {isa = PBXFileReference; lastKnownFileType = sourcecode.swift; path = SceneDelegate.swift; sourceTree = "<group>"; };
		FC2A867F22B1301700120498 /* Assets.xcassets */ = {isa = PBXFileReference; lastKnownFileType = folder.assetcatalog; path = Assets.xcassets; sourceTree = "<group>"; };
		FC2A868222B1301700120498 /* Preview Assets.xcassets */ = {isa = PBXFileReference; lastKnownFileType = folder.assetcatalog; path = "Preview Assets.xcassets"; sourceTree = "<group>"; };
		FC2A868522B1301700120498 /* Base */ = {isa = PBXFileReference; lastKnownFileType = file.storyboard; name = Base; path = Base.lproj/LaunchScreen.storyboard; sourceTree = "<group>"; };
		FC2A868722B1301700120498 /* Info.plist */ = {isa = PBXFileReference; lastKnownFileType = text.plist.xml; path = Info.plist; sourceTree = "<group>"; };
		FC2A868F22B1310300120498 /* PhotoListRow.swift */ = {isa = PBXFileReference; fileEncoding = 4; lastKnownFileType = sourcecode.swift; path = PhotoListRow.swift; sourceTree = "<group>"; };
		FC2A869122B1310300120498 /* PhotoViewModel.swift */ = {isa = PBXFileReference; fileEncoding = 4; lastKnownFileType = sourcecode.swift; path = PhotoViewModel.swift; sourceTree = "<group>"; };
		FC2A869622B1310400120498 /* RESTComponent.swift */ = {isa = PBXFileReference; fileEncoding = 4; lastKnownFileType = sourcecode.swift; path = RESTComponent.swift; sourceTree = "<group>"; };
		FC2A869722B1310400120498 /* URLProducer.swift */ = {isa = PBXFileReference; fileEncoding = 4; lastKnownFileType = sourcecode.swift; path = URLProducer.swift; sourceTree = "<group>"; };
		FC2A869822B1310400120498 /* UnsplashPhotosEndPoint.swift */ = {isa = PBXFileReference; fileEncoding = 4; lastKnownFileType = sourcecode.swift; path = UnsplashPhotosEndPoint.swift; sourceTree = "<group>"; };
		FC2A869A22B1310400120498 /* NetworkRouter.swift */ = {isa = PBXFileReference; fileEncoding = 4; lastKnownFileType = sourcecode.swift; path = NetworkRouter.swift; sourceTree = "<group>"; };
		FC2A869B22B1310400120498 /* Router.swift */ = {isa = PBXFileReference; fileEncoding = 4; lastKnownFileType = sourcecode.swift; path = Router.swift; sourceTree = "<group>"; };
		FC2A86A922B1423700120498 /* PhotoImageView.swift */ = {isa = PBXFileReference; lastKnownFileType = sourcecode.swift; path = PhotoImageView.swift; sourceTree = "<group>"; };
		FC352DF822B18DD100B924CD /* User.swift */ = {isa = PBXFileReference; lastKnownFileType = sourcecode.swift; path = User.swift; sourceTree = "<group>"; };
		FC352DFA22B18FD200B924CD /* UserViewModel.swift */ = {isa = PBXFileReference; lastKnownFileType = sourcecode.swift; path = UserViewModel.swift; sourceTree = "<group>"; };
		FC352DFC22B190C300B924CD /* UserListViewModel.swift */ = {isa = PBXFileReference; lastKnownFileType = sourcecode.swift; path = UserListViewModel.swift; sourceTree = "<group>"; };
		FC352DFE22B1929D00B924CD /* UsersEndPoint.swift */ = {isa = PBXFileReference; lastKnownFileType = sourcecode.swift; path = UsersEndPoint.swift; sourceTree = "<group>"; };
		FC352E0222B19D2500B924CD /* SearchResponse.swift */ = {isa = PBXFileReference; lastKnownFileType = sourcecode.swift; path = SearchResponse.swift; sourceTree = "<group>"; };
		FC352E0422B19D6000B924CD /* HomeView.swift */ = {isa = PBXFileReference; fileEncoding = 4; lastKnownFileType = sourcecode.swift; path = HomeView.swift; sourceTree = "<group>"; };
		FC352E0822B19F4400B924CD /* PhotoListViewModel.swift */ = {isa = PBXFileReference; lastKnownFileType = sourcecode.swift; path = PhotoListViewModel.swift; sourceTree = "<group>"; };
		FC352E0C22B1A1A200B924CD /* Photo.swift */ = {isa = PBXFileReference; lastKnownFileType = sourcecode.swift; path = Photo.swift; sourceTree = "<group>"; };
		FCE941EE22B1B9090070112B /* UserView.swift */ = {isa = PBXFileReference; lastKnownFileType = sourcecode.swift; path = UserView.swift; sourceTree = "<group>"; };
		FCE941F022B1B9C50070112B /* PhotoListView.swift */ = {isa = PBXFileReference; lastKnownFileType = sourcecode.swift; path = PhotoListView.swift; sourceTree = "<group>"; };
		FCE941F222B269E30070112B /* ImageLoader.swift */ = {isa = PBXFileReference; lastKnownFileType = sourcecode.swift; path = ImageLoader.swift; sourceTree = "<group>"; };
/* End PBXFileReference section */

/* Begin PBXFrameworksBuildPhase section */
		FC2A867322B1300800120498 /* Frameworks */ = {
			isa = PBXFrameworksBuildPhase;
			buildActionMask = 2147483647;
			files = (
			);
			runOnlyForDeploymentPostprocessing = 0;
		};
/* End PBXFrameworksBuildPhase section */

/* Begin PBXGroup section */
		FC2A866D22B1300700120498 = {
			isa = PBXGroup;
			children = (
				FC2A867822B1300800120498 /* UnsplashSwiftUI */,
				FC2A867722B1300800120498 /* Products */,
			);
			sourceTree = "<group>";
		};
		FC2A867722B1300800120498 /* Products */ = {
			isa = PBXGroup;
			children = (
				FC2A867622B1300800120498 /* UnsplashSwiftUI.app */,
			);
			name = Products;
			sourceTree = "<group>";
		};
		FC2A867822B1300800120498 /* UnsplashSwiftUI */ = {
			isa = PBXGroup;
			children = (
				FC2A867922B1300800120498 /* AppDelegate.swift */,
				FC2A867B22B1300800120498 /* SceneDelegate.swift */,
				FC352E0622B19D9A00B924CD /* UI */,
				FC352DF722B18C9000B924CD /* User */,
				FC2A868D22B1310300120498 /* Photo */,
				FC2A869222B1310400120498 /* Networking */,
				FC2A867F22B1301700120498 /* Assets.xcassets */,
				FC2A868422B1301700120498 /* LaunchScreen.storyboard */,
				FC2A868722B1301700120498 /* Info.plist */,
				FC2A868122B1301700120498 /* Preview Content */,
			);
			path = UnsplashSwiftUI;
			sourceTree = "<group>";
		};
		FC2A868122B1301700120498 /* Preview Content */ = {
			isa = PBXGroup;
			children = (
				FC2A868222B1301700120498 /* Preview Assets.xcassets */,
			);
			path = "Preview Content";
			sourceTree = "<group>";
		};
		FC2A868D22B1310300120498 /* Photo */ = {
			isa = PBXGroup;
			children = (
				FC352E0C22B1A1A200B924CD /* Photo.swift */,
				FC2A869122B1310300120498 /* PhotoViewModel.swift */,
				FC352E0822B19F4400B924CD /* PhotoListViewModel.swift */,
			);
			path = Photo;
			sourceTree = "<group>";
		};
		FC2A869222B1310400120498 /* Networking */ = {
			isa = PBXGroup;
			children = (
				FC2A869622B1310400120498 /* RESTComponent.swift */,
				FC2A869722B1310400120498 /* URLProducer.swift */,
				FCE941F222B269E30070112B /* ImageLoader.swift */,
				FC2A869522B1310400120498 /* EndPoint */,
				FC2A869922B1310400120498 /* Service */,
				FC352E0222B19D2500B924CD /* SearchResponse.swift */,
			);
			path = Networking;
			sourceTree = "<group>";
		};
		FC2A869522B1310400120498 /* EndPoint */ = {
			isa = PBXGroup;
			children = (
				FC2A869822B1310400120498 /* UnsplashPhotosEndPoint.swift */,
				FC352DFE22B1929D00B924CD /* UsersEndPoint.swift */,
			);
			path = EndPoint;
			sourceTree = "<group>";
		};
		FC2A869922B1310400120498 /* Service */ = {
			isa = PBXGroup;
			children = (
				FC2A869A22B1310400120498 /* NetworkRouter.swift */,
				FC2A869B22B1310400120498 /* Router.swift */,
			);
			path = Service;
			sourceTree = "<group>";
		};
		FC352DF722B18C9000B924CD /* User */ = {
			isa = PBXGroup;
			children = (
				FC352DF822B18DD100B924CD /* User.swift */,
				FC352DFA22B18FD200B924CD /* UserViewModel.swift */,
				FC352DFC22B190C300B924CD /* UserListViewModel.swift */,
			);
			path = User;
			sourceTree = "<group>";
		};
		FC352E0622B19D9A00B924CD /* UI */ = {
			isa = PBXGroup;
			children = (
				FC352E0422B19D6000B924CD /* HomeView.swift */,
				FCE941EE22B1B9090070112B /* UserView.swift */,
				FCE941F022B1B9C50070112B /* PhotoListView.swift */,
				FC2A86A922B1423700120498 /* PhotoImageView.swift */,
				FC2A868F22B1310300120498 /* PhotoListRow.swift */,
			);
			path = UI;
			sourceTree = "<group>";
		};
/* End PBXGroup section */

/* Begin PBXNativeTarget section */
		FC2A867522B1300800120498 /* UnsplashSwiftUI */ = {
			isa = PBXNativeTarget;
			buildConfigurationList = FC2A868A22B1301700120498 /* Build configuration list for PBXNativeTarget "UnsplashSwiftUI" */;
			buildPhases = (
				FC2A867222B1300800120498 /* Sources */,
				FC2A867322B1300800120498 /* Frameworks */,
				FC2A867422B1300800120498 /* Resources */,
			);
			buildRules = (
			);
			dependencies = (
			);
			name = UnsplashSwiftUI;
			productName = UnsplashSwiftUI;
			productReference = FC2A867622B1300800120498 /* UnsplashSwiftUI.app */;
			productType = "com.apple.product-type.application";
		};
/* End PBXNativeTarget section */

/* Begin PBXProject section */
		FC2A866E22B1300700120498 /* Project object */ = {
			isa = PBXProject;
			attributes = {
				LastSwiftUpdateCheck = 1100;
				LastUpgradeCheck = 1100;
				ORGANIZATIONNAME = "Kauna Mohammed";
				TargetAttributes = {
					FC2A867522B1300800120498 = {
						CreatedOnToolsVersion = 11.0;
					};
				};
			};
			buildConfigurationList = FC2A867122B1300800120498 /* Build configuration list for PBXProject "UnsplashSwiftUI" */;
			compatibilityVersion = "Xcode 9.3";
			developmentRegion = en;
			hasScannedForEncodings = 0;
			knownRegions = (
				en,
				Base,
			);
			mainGroup = FC2A866D22B1300700120498;
			productRefGroup = FC2A867722B1300800120498 /* Products */;
			projectDirPath = "";
			projectRoot = "";
			targets = (
				FC2A867522B1300800120498 /* UnsplashSwiftUI */,
			);
		};
/* End PBXProject section */

/* Begin PBXResourcesBuildPhase section */
		FC2A867422B1300800120498 /* Resources */ = {
			isa = PBXResourcesBuildPhase;
			buildActionMask = 2147483647;
			files = (
				FC2A868622B1301700120498 /* LaunchScreen.storyboard in Resources */,
				FC2A868322B1301700120498 /* Preview Assets.xcassets in Resources */,
				FC2A868022B1301700120498 /* Assets.xcassets in Resources */,
			);
			runOnlyForDeploymentPostprocessing = 0;
		};
/* End PBXResourcesBuildPhase section */

/* Begin PBXSourcesBuildPhase section */
		FC2A867222B1300800120498 /* Sources */ = {
			isa = PBXSourcesBuildPhase;
			buildActionMask = 2147483647;
			files = (
				FC352E0322B19D2500B924CD /* SearchResponse.swift in Sources */,
				FC2A86A222B1310400120498 /* URLProducer.swift in Sources */,
				FC2A86A122B1310400120498 /* RESTComponent.swift in Sources */,
				FC2A86AA22B1423700120498 /* PhotoImageView.swift in Sources */,
				FC352E0D22B1A1A200B924CD /* Photo.swift in Sources */,
				FC2A869D22B1310400120498 /* PhotoListRow.swift in Sources */,
				FC2A86A322B1310400120498 /* UnsplashPhotosEndPoint.swift in Sources */,
				FCE941EF22B1B9090070112B /* UserView.swift in Sources */,
				FC352DFD22B190C300B924CD /* UserListViewModel.swift in Sources */,
				FC2A86A422B1310400120498 /* NetworkRouter.swift in Sources */,
				FC352DF922B18DD100B924CD /* User.swift in Sources */,
				FC352DFF22B1929D00B924CD /* UsersEndPoint.swift in Sources */,
				FC2A867A22B1300800120498 /* AppDelegate.swift in Sources */,
				FC352DFB22B18FD200B924CD /* UserViewModel.swift in Sources */,
				FC2A869F22B1310400120498 /* PhotoViewModel.swift in Sources */,
				FCE941F322B269E30070112B /* ImageLoader.swift in Sources */,
				FC2A867C22B1300800120498 /* SceneDelegate.swift in Sources */,
				FCE941F122B1B9C60070112B /* PhotoListView.swift in Sources */,
				FC352E0922B19F4400B924CD /* PhotoListViewModel.swift in Sources */,
				FC2A86A522B1310400120498 /* Router.swift in Sources */,
				FC352E0522B19D6000B924CD /* HomeView.swift in Sources */,
			);
			runOnlyForDeploymentPostprocessing = 0;
		};
/* End PBXSourcesBuildPhase section */

/* Begin PBXVariantGroup section */
		FC2A868422B1301700120498 /* LaunchScreen.storyboard */ = {
			isa = PBXVariantGroup;
			children = (
				FC2A868522B1301700120498 /* Base */,
			);
			name = LaunchScreen.storyboard;
			sourceTree = "<group>";
		};
/* End PBXVariantGroup section */

/* Begin XCBuildConfiguration section */
		FC2A868822B1301700120498 /* Debug */ = {
			isa = XCBuildConfiguration;
			buildSettings = {
				ALWAYS_SEARCH_USER_PATHS = NO;
				CLANG_ANALYZER_NONNULL = YES;
				CLANG_ANALYZER_NUMBER_OBJECT_CONVERSION = YES_AGGRESSIVE;
				CLANG_CXX_LANGUAGE_STANDARD = "gnu++14";
				CLANG_CXX_LIBRARY = "libc++";
				CLANG_ENABLE_MODULES = YES;
				CLANG_ENABLE_OBJC_ARC = YES;
				CLANG_ENABLE_OBJC_WEAK = YES;
				CLANG_WARN_BLOCK_CAPTURE_AUTORELEASING = YES;
				CLANG_WARN_BOOL_CONVERSION = YES;
				CLANG_WARN_COMMA = YES;
				CLANG_WARN_CONSTANT_CONVERSION = YES;
				CLANG_WARN_DEPRECATED_OBJC_IMPLEMENTATIONS = YES;
				CLANG_WARN_DIRECT_OBJC_ISA_USAGE = YES_ERROR;
				CLANG_WARN_DOCUMENTATION_COMMENTS = YES;
				CLANG_WARN_EMPTY_BODY = YES;
				CLANG_WARN_ENUM_CONVERSION = YES;
				CLANG_WARN_INFINITE_RECURSION = YES;
				CLANG_WARN_INT_CONVERSION = YES;
				CLANG_WARN_NON_LITERAL_NULL_CONVERSION = YES;
				CLANG_WARN_OBJC_IMPLICIT_RETAIN_SELF = YES;
				CLANG_WARN_OBJC_LITERAL_CONVERSION = YES;
				CLANG_WARN_OBJC_ROOT_CLASS = YES_ERROR;
				CLANG_WARN_RANGE_LOOP_ANALYSIS = YES;
				CLANG_WARN_STRICT_PROTOTYPES = YES;
				CLANG_WARN_SUSPICIOUS_MOVE = YES;
				CLANG_WARN_UNGUARDED_AVAILABILITY = YES_AGGRESSIVE;
				CLANG_WARN_UNREACHABLE_CODE = YES;
				CLANG_WARN__DUPLICATE_METHOD_MATCH = YES;
				COPY_PHASE_STRIP = NO;
				DEBUG_INFORMATION_FORMAT = dwarf;
				ENABLE_STRICT_OBJC_MSGSEND = YES;
				ENABLE_TESTABILITY = YES;
				GCC_C_LANGUAGE_STANDARD = gnu11;
				GCC_DYNAMIC_NO_PIC = NO;
				GCC_NO_COMMON_BLOCKS = YES;
				GCC_OPTIMIZATION_LEVEL = 0;
				GCC_PREPROCESSOR_DEFINITIONS = (
					"DEBUG=1",
					"$(inherited)",
				);
				GCC_WARN_64_TO_32_BIT_CONVERSION = YES;
				GCC_WARN_ABOUT_RETURN_TYPE = YES_ERROR;
				GCC_WARN_UNDECLARED_SELECTOR = YES;
				GCC_WARN_UNINITIALIZED_AUTOS = YES_AGGRESSIVE;
				GCC_WARN_UNUSED_FUNCTION = YES;
				GCC_WARN_UNUSED_VARIABLE = YES;
				IPHONEOS_DEPLOYMENT_TARGET = 13.0;
				MTL_ENABLE_DEBUG_INFO = INCLUDE_SOURCE;
				MTL_FAST_MATH = YES;
				ONLY_ACTIVE_ARCH = YES;
				SDKROOT = iphoneos;
				SWIFT_ACTIVE_COMPILATION_CONDITIONS = DEBUG;
				SWIFT_OPTIMIZATION_LEVEL = "-Onone";
			};
			name = Debug;
		};
		FC2A868922B1301700120498 /* Release */ = {
			isa = XCBuildConfiguration;
			buildSettings = {
				ALWAYS_SEARCH_USER_PATHS = NO;
				CLANG_ANALYZER_NONNULL = YES;
				CLANG_ANALYZER_NUMBER_OBJECT_CONVERSION = YES_AGGRESSIVE;
				CLANG_CXX_LANGUAGE_STANDARD = "gnu++14";
				CLANG_CXX_LIBRARY = "libc++";
				CLANG_ENABLE_MODULES = YES;
				CLANG_ENABLE_OBJC_ARC = YES;
				CLANG_ENABLE_OBJC_WEAK = YES;
				CLANG_WARN_BLOCK_CAPTURE_AUTORELEASING = YES;
				CLANG_WARN_BOOL_CONVERSION = YES;
				CLANG_WARN_COMMA = YES;
				CLANG_WARN_CONSTANT_CONVERSION = YES;
				CLANG_WARN_DEPRECATED_OBJC_IMPLEMENTATIONS = YES;
				CLANG_WARN_DIRECT_OBJC_ISA_USAGE = YES_ERROR;
				CLANG_WARN_DOCUMENTATION_COMMENTS = YES;
				CLANG_WARN_EMPTY_BODY = YES;
				CLANG_WARN_ENUM_CONVERSION = YES;
				CLANG_WARN_INFINITE_RECURSION = YES;
				CLANG_WARN_INT_CONVERSION = YES;
				CLANG_WARN_NON_LITERAL_NULL_CONVERSION = YES;
				CLANG_WARN_OBJC_IMPLICIT_RETAIN_SELF = YES;
				CLANG_WARN_OBJC_LITERAL_CONVERSION = YES;
				CLANG_WARN_OBJC_ROOT_CLASS = YES_ERROR;
				CLANG_WARN_RANGE_LOOP_ANALYSIS = YES;
				CLANG_WARN_STRICT_PROTOTYPES = YES;
				CLANG_WARN_SUSPICIOUS_MOVE = YES;
				CLANG_WARN_UNGUARDED_AVAILABILITY = YES_AGGRESSIVE;
				CLANG_WARN_UNREACHABLE_CODE = YES;
				CLANG_WARN__DUPLICATE_METHOD_MATCH = YES;
				COPY_PHASE_STRIP = NO;
				DEBUG_INFORMATION_FORMAT = "dwarf-with-dsym";
				ENABLE_NS_ASSERTIONS = NO;
				ENABLE_STRICT_OBJC_MSGSEND = YES;
				GCC_C_LANGUAGE_STANDARD = gnu11;
				GCC_NO_COMMON_BLOCKS = YES;
				GCC_WARN_64_TO_32_BIT_CONVERSION = YES;
				GCC_WARN_ABOUT_RETURN_TYPE = YES_ERROR;
				GCC_WARN_UNDECLARED_SELECTOR = YES;
				GCC_WARN_UNINITIALIZED_AUTOS = YES_AGGRESSIVE;
				GCC_WARN_UNUSED_FUNCTION = YES;
				GCC_WARN_UNUSED_VARIABLE = YES;
				IPHONEOS_DEPLOYMENT_TARGET = 13.0;
				MTL_ENABLE_DEBUG_INFO = NO;
				MTL_FAST_MATH = YES;
				SDKROOT = iphoneos;
				SWIFT_COMPILATION_MODE = wholemodule;
				SWIFT_OPTIMIZATION_LEVEL = "-O";
				VALIDATE_PRODUCT = YES;
			};
			name = Release;
		};
		FC2A868B22B1301700120498 /* Debug */ = {
			isa = XCBuildConfiguration;
			buildSettings = {
				ASSETCATALOG_COMPILER_APPICON_NAME = AppIcon;
				CODE_SIGN_STYLE = Automatic;
				DEVELOPMENT_ASSET_PATHS = "UnsplashSwiftUI/Preview\\ Content";
				DEVELOPMENT_TEAM = CG9RTC2HJD;
				ENABLE_PREVIEWS = YES;
				INFOPLIST_FILE = UnsplashSwiftUI/Info.plist;
				LD_RUNPATH_SEARCH_PATHS = (
					"$(inherited)",
					"@executable_path/Frameworks",
				);
				PRODUCT_BUNDLE_IDENTIFIER = com.kmohammed.UnsplashSwiftUI;
				PRODUCT_NAME = "$(TARGET_NAME)";
				SWIFT_VERSION = 5.0;
				TARGETED_DEVICE_FAMILY = "1,2";
			};
			name = Debug;
		};
		FC2A868C22B1301700120498 /* Release */ = {
			isa = XCBuildConfiguration;
			buildSettings = {
				ASSETCATALOG_COMPILER_APPICON_NAME = AppIcon;
				CODE_SIGN_STYLE = Automatic;
				DEVELOPMENT_ASSET_PATHS = "UnsplashSwiftUI/Preview\\ Content";
				DEVELOPMENT_TEAM = CG9RTC2HJD;
				ENABLE_PREVIEWS = YES;
				INFOPLIST_FILE = UnsplashSwiftUI/Info.plist;
				LD_RUNPATH_SEARCH_PATHS = (
					"$(inherited)",
					"@executable_path/Frameworks",
				);
				PRODUCT_BUNDLE_IDENTIFIER = com.kmohammed.UnsplashSwiftUI;
				PRODUCT_NAME = "$(TARGET_NAME)";
				SWIFT_VERSION = 5.0;
				TARGETED_DEVICE_FAMILY = "1,2";
			};
			name = Release;
		};
/* End XCBuildConfiguration section */

/* Begin XCConfigurationList section */
		FC2A867122B1300800120498 /* Build configuration list for PBXProject "UnsplashSwiftUI" */ = {
			isa = XCConfigurationList;
			buildConfigurations = (
				FC2A868822B1301700120498 /* Debug */,
				FC2A868922B1301700120498 /* Release */,
			);
			defaultConfigurationIsVisible = 0;
			defaultConfigurationName = Release;
		};
		FC2A868A22B1301700120498 /* Build configuration list for PBXNativeTarget "UnsplashSwiftUI" */ = {
			isa = XCConfigurationList;
			buildConfigurations = (
				FC2A868B22B1301700120498 /* Debug */,
				FC2A868C22B1301700120498 /* Release */,
			);
			defaultConfigurationIsVisible = 0;
			defaultConfigurationName = Release;
		};
/* End XCConfigurationList section */
	};
	rootObject = FC2A866E22B1300700120498 /* Project object */;
}
